
Microsoft Visual Studio Solution File, Format Version 12.00
# Visual Studio Version 17
VisualStudioVersion = 17.11.35327.3
MinimumVisualStudioVersion = 10.0.40219.1
Project("{FAE04EC0-301F-11D3-BF4B-00C04F79EFBC}") = "SemesterProjektGUI", "SemesterProjektGUI\SemesterProjektGUI.csproj", "{115CC119-F62B-4BE2-A730-DDFE343F6230}"
EndProject
Global
	GlobalSection(SolutionConfigurationPlatforms) = preSolution
		Debug|Any CPU = Debug|Any CPU
		Release|Any CPU = Release|Any CPU
	EndGlobalSection
	GlobalSection(ProjectConfigurationPlatforms) = postSolution
		{115CC119-F62B-4BE2-A730-DDFE343F6230}.Debug|Any CPU.ActiveCfg = Debug|Any CPU
		{115CC119-F62B-4BE2-A730-DDFE343F6230}.Debug|Any CPU.Build.0 = Debug|Any CPU
		{115CC119-F62B-4BE2-A730-DDFE343F6230}.Release|Any CPU.ActiveCfg = Release|Any CPU
		{115CC119-F62B-4BE2-A730-DDFE343F6230}.Release|Any CPU.Build.0 = Release|Any CPU
	EndGlobalSection
	GlobalSection(SolutionProperties) = preSolution
		HideSolutionNode = FALSE
	EndGlobalSection
	GlobalSection(ExtensibilityGlobals) = postSolution
		SolutionGuid = {44C1AF11-C95E-43BF-9605-DC66D80FF61D}
	EndGlobalSection
EndGlobal
